
Microsoft Visual Studio Solution File, Format Version 12.00
# Visual Studio Version 17
VisualStudioVersion = 17.10.34928.147
MinimumVisualStudioVersion = 10.0.40219.1
Project("{9A19103F-16F7-4668-BE54-9A1E7A4F7556}") = "lek4", "lek4\lek4.csproj", "{6E10E314-CBBD-48A4-BFA7-C42A28C7BE31}"
EndProject
Global
	GlobalSection(SolutionConfigurationPlatforms) = preSolution
		Debug|Any CPU = Debug|Any CPU
		Release|Any CPU = Release|Any CPU
	EndGlobalSection
	GlobalSection(ProjectConfigurationPlatforms) = postSolution
		{6E10E314-CBBD-48A4-BFA7-C42A28C7BE31}.Debug|Any CPU.ActiveCfg = Debug|Any CPU
		{6E10E314-CBBD-48A4-BFA7-C42A28C7BE31}.Debug|Any CPU.Build.0 = Debug|Any CPU
		{6E10E314-CBBD-48A4-BFA7-C42A28C7BE31}.Debug|Any CPU.Deploy.0 = Debug|Any CPU
		{6E10E314-CBBD-48A4-BFA7-C42A28C7BE31}.Release|Any CPU.ActiveCfg = Release|Any CPU
		{6E10E314-CBBD-48A4-BFA7-C42A28C7BE31}.Release|Any CPU.Build.0 = Release|Any CPU
		{6E10E314-CBBD-48A4-BFA7-C42A28C7BE31}.Release|Any CPU.Deploy.0 = Release|Any CPU
	EndGlobalSection
	GlobalSection(SolutionProperties) = preSolution
		HideSolutionNode = FALSE
	EndGlobalSection
	GlobalSection(ExtensibilityGlobals) = postSolution
		SolutionGuid = {80E957D7-85E1-494F-B381-9A743220C714}
	EndGlobalSection
EndGlobal
